
Microsoft Visual Studio Solution File, Format Version 12.00
# Visual Studio Version 17
VisualStudioVersion = 17.12.35707.178
MinimumVisualStudioVersion = 10.0.40219.1
Project("{FAE04EC0-301F-11D3-BF4B-00C04F79EFBC}") = "DemoFunctionApp", "DemoFunctionApp\DemoFunctionApp.csproj", "{58F87A62-BB27-443E-9731-49C5CE2BCD1E}"
EndProject
Project("{2150E333-8FDC-42A3-9474-1A3956D46DE8}") = "ソリューション項目", "ソリューション項目", "{16F2D847-8EC4-452D-A0E1-0D4BCCCA0DBF}"
	ProjectSection(SolutionItems) = preProject
		AddData.http = AddData.http
	EndProjectSection
EndProject
Project("{FAE04EC0-301F-11D3-BF4B-00C04F79EFBC}") = "AlertClient", "AlertClient\AlertClient.csproj", "{C868C08D-9CB1-4243-A139-E557E65622AE}"
EndProject
Global
	GlobalSection(SolutionConfigurationPlatforms) = preSolution
		Debug|Any CPU = Debug|Any CPU
		Release|Any CPU = Release|Any CPU
	EndGlobalSection
	GlobalSection(ProjectConfigurationPlatforms) = postSolution
		{58F87A62-BB27-443E-9731-49C5CE2BCD1E}.Debug|Any CPU.ActiveCfg = Debug|Any CPU
		{58F87A62-BB27-443E-9731-49C5CE2BCD1E}.Debug|Any CPU.Build.0 = Debug|Any CPU
		{58F87A62-BB27-443E-9731-49C5CE2BCD1E}.Release|Any CPU.ActiveCfg = Release|Any CPU
		{58F87A62-BB27-443E-9731-49C5CE2BCD1E}.Release|Any CPU.Build.0 = Release|Any CPU
		{C868C08D-9CB1-4243-A139-E557E65622AE}.Debug|Any CPU.ActiveCfg = Debug|Any CPU
		{C868C08D-9CB1-4243-A139-E557E65622AE}.Debug|Any CPU.Build.0 = Debug|Any CPU
		{C868C08D-9CB1-4243-A139-E557E65622AE}.Release|Any CPU.ActiveCfg = Release|Any CPU
		{C868C08D-9CB1-4243-A139-E557E65622AE}.Release|Any CPU.Build.0 = Release|Any CPU
	EndGlobalSection
	GlobalSection(SolutionProperties) = preSolution
		HideSolutionNode = FALSE
	EndGlobalSection
EndGlobal
